
Microsoft Visual Studio Solution File, Format Version 12.00
# Visual Studio Version 16
VisualStudioVersion = 16.0.31729.503
MinimumVisualStudioVersion = 10.0.40219.1
Project("{FAE04EC0-301F-11D3-BF4B-00C04F79EFBC}") = "Web_API_app", "Web_API_app\Web_API_app.csproj", "{B0635F72-206C-437A-B44F-8283C661D514}"
EndProject
Project("{FAE04EC0-301F-11D3-BF4B-00C04F79EFBC}") = "DAL", "DAL\DAL.csproj", "{B98B2792-D45F-49B8-A788-1569571921CE}"
EndProject
Project("{FAE04EC0-301F-11D3-BF4B-00C04F79EFBC}") = "BLL", "BLL\BLL.csproj", "{B0C002EA-23F9-44D1-A036-E1F92F20CDB6}"
EndProject
Project("{FAE04EC0-301F-11D3-BF4B-00C04F79EFBC}") = "ConsoleClient", "ConsoleClient\ConsoleClient.csproj", "{7A3FA77C-23B9-4FE4-BC72-3375E3F78DD0}"
EndProject
Global
	GlobalSection(SolutionConfigurationPlatforms) = preSolution
		Debug|Any CPU = Debug|Any CPU
		Release|Any CPU = Release|Any CPU
	EndGlobalSection
	GlobalSection(ProjectConfigurationPlatforms) = postSolution
		{B0635F72-206C-437A-B44F-8283C661D514}.Debug|Any CPU.ActiveCfg = Debug|Any CPU
		{B0635F72-206C-437A-B44F-8283C661D514}.Debug|Any CPU.Build.0 = Debug|Any CPU
		{B0635F72-206C-437A-B44F-8283C661D514}.Release|Any CPU.ActiveCfg = Release|Any CPU
		{B0635F72-206C-437A-B44F-8283C661D514}.Release|Any CPU.Build.0 = Release|Any CPU
		{B98B2792-D45F-49B8-A788-1569571921CE}.Debug|Any CPU.ActiveCfg = Debug|Any CPU
		{B98B2792-D45F-49B8-A788-1569571921CE}.Debug|Any CPU.Build.0 = Debug|Any CPU
		{B98B2792-D45F-49B8-A788-1569571921CE}.Release|Any CPU.ActiveCfg = Release|Any CPU
		{B98B2792-D45F-49B8-A788-1569571921CE}.Release|Any CPU.Build.0 = Release|Any CPU
		{B0C002EA-23F9-44D1-A036-E1F92F20CDB6}.Debug|Any CPU.ActiveCfg = Debug|Any CPU
		{B0C002EA-23F9-44D1-A036-E1F92F20CDB6}.Debug|Any CPU.Build.0 = Debug|Any CPU
		{B0C002EA-23F9-44D1-A036-E1F92F20CDB6}.Release|Any CPU.ActiveCfg = Release|Any CPU
		{B0C002EA-23F9-44D1-A036-E1F92F20CDB6}.Release|Any CPU.Build.0 = Release|Any CPU
		{7A3FA77C-23B9-4FE4-BC72-3375E3F78DD0}.Debug|Any CPU.ActiveCfg = Debug|Any CPU
		{7A3FA77C-23B9-4FE4-BC72-3375E3F78DD0}.Debug|Any CPU.Build.0 = Debug|Any CPU
		{7A3FA77C-23B9-4FE4-BC72-3375E3F78DD0}.Release|Any CPU.ActiveCfg = Release|Any CPU
		{7A3FA77C-23B9-4FE4-BC72-3375E3F78DD0}.Release|Any CPU.Build.0 = Release|Any CPU
	EndGlobalSection
	GlobalSection(SolutionProperties) = preSolution
		HideSolutionNode = FALSE
	EndGlobalSection
	GlobalSection(ExtensibilityGlobals) = postSolution
		SolutionGuid = {B5643171-3B87-4C2A-9CAB-BEACBF6860B4}
	EndGlobalSection
EndGlobal
